
Microsoft Visual Studio Solution File, Format Version 12.00
# Visual Studio Version 17
VisualStudioVersion = 17.0.31903.59
MinimumVisualStudioVersion = 10.0.40219.1
Project("{2150E333-8FDC-42A3-9474-1A3956D46DE8}") = "src", "src", "{AC6CD5B0-88FA-43EF-AECE-B1D78CE746CB}"
EndProject
Project("{FAE04EC0-301F-11D3-BF4B-00C04F79EFBC}") = "PrintCalc.Core", "src\PrintCalc.Core\PrintCalc.Core.csproj", "{3CC776CD-18EF-460C-BEEC-4B694DF4F6D4}"
EndProject
Project("{FAE04EC0-301F-11D3-BF4B-00C04F79EFBC}") = "PrintCalc.Infrastructure", "src\PrintCalc.Infrastructure\PrintCalc.Infrastructure.csproj", "{8A450291-539F-4316-86A9-2114D0DDE043}"
EndProject
Project("{FAE04EC0-301F-11D3-BF4B-00C04F79EFBC}") = "PrintCalc.App", "src\PrintCalc.App\PrintCalc.App.csproj", "{B72C1390-A0EB-4EFD-B05F-5A55C0182A24}"
EndProject
Project("{FAE04EC0-301F-11D3-BF4B-00C04F79EFBC}") = "PrintCalc.Api", "src\PrintCalc.Api\PrintCalc.Api.csproj", "{C3A02A0C-A15B-47B3-9400-19071CAD6BC1}"
EndProject
Global
	GlobalSection(SolutionConfigurationPlatforms) = preSolution
		Debug|Any CPU = Debug|Any CPU
		Release|Any CPU = Release|Any CPU
	EndGlobalSection
	GlobalSection(SolutionProperties) = preSolution
		HideSolutionNode = FALSE
	EndGlobalSection
	GlobalSection(ProjectConfigurationPlatforms) = postSolution
		{3CC776CD-18EF-460C-BEEC-4B694DF4F6D4}.Debug|Any CPU.ActiveCfg = Debug|Any CPU
		{3CC776CD-18EF-460C-BEEC-4B694DF4F6D4}.Debug|Any CPU.Build.0 = Debug|Any CPU
		{3CC776CD-18EF-460C-BEEC-4B694DF4F6D4}.Release|Any CPU.ActiveCfg = Release|Any CPU
		{3CC776CD-18EF-460C-BEEC-4B694DF4F6D4}.Release|Any CPU.Build.0 = Release|Any CPU
		{8A450291-539F-4316-86A9-2114D0DDE043}.Debug|Any CPU.ActiveCfg = Debug|Any CPU
		{8A450291-539F-4316-86A9-2114D0DDE043}.Debug|Any CPU.Build.0 = Debug|Any CPU
		{8A450291-539F-4316-86A9-2114D0DDE043}.Release|Any CPU.ActiveCfg = Release|Any CPU
		{8A450291-539F-4316-86A9-2114D0DDE043}.Release|Any CPU.Build.0 = Release|Any CPU
		{B72C1390-A0EB-4EFD-B05F-5A55C0182A24}.Debug|Any CPU.ActiveCfg = Debug|Any CPU
		{B72C1390-A0EB-4EFD-B05F-5A55C0182A24}.Debug|Any CPU.Build.0 = Debug|Any CPU
		{B72C1390-A0EB-4EFD-B05F-5A55C0182A24}.Release|Any CPU.ActiveCfg = Release|Any CPU
		{B72C1390-A0EB-4EFD-B05F-5A55C0182A24}.Release|Any CPU.Build.0 = Release|Any CPU
		{C3A02A0C-A15B-47B3-9400-19071CAD6BC1}.Debug|Any CPU.ActiveCfg = Debug|Any CPU
		{C3A02A0C-A15B-47B3-9400-19071CAD6BC1}.Debug|Any CPU.Build.0 = Debug|Any CPU
		{C3A02A0C-A15B-47B3-9400-19071CAD6BC1}.Release|Any CPU.ActiveCfg = Release|Any CPU
		{C3A02A0C-A15B-47B3-9400-19071CAD6BC1}.Release|Any CPU.Build.0 = Release|Any CPU
	EndGlobalSection
	GlobalSection(NestedProjects) = preSolution
		{3CC776CD-18EF-460C-BEEC-4B694DF4F6D4} = {AC6CD5B0-88FA-43EF-AECE-B1D78CE746CB}
		{8A450291-539F-4316-86A9-2114D0DDE043} = {AC6CD5B0-88FA-43EF-AECE-B1D78CE746CB}
		{B72C1390-A0EB-4EFD-B05F-5A55C0182A24} = {AC6CD5B0-88FA-43EF-AECE-B1D78CE746CB}
		{C3A02A0C-A15B-47B3-9400-19071CAD6BC1} = {AC6CD5B0-88FA-43EF-AECE-B1D78CE746CB}
	EndGlobalSection
EndGlobal
